// !$*UTF8*$!
{
	archiveVersion = 1;
	classes = {
	};
	objectVersion = 56;
	objects = {

/* Begin PBXBuildFile section */
		84A704EA2C82F00C00EF0981 /* LoginView.swift in Sources */ = {isa = PBXBuildFile; fileRef = 84A704E92C82F00C00EF0981 /* LoginView.swift */; };
		84A704EC2C82FEC100EF0981 /* FocusView.swift in Sources */ = {isa = PBXBuildFile; fileRef = 84A704EB2C82FEC100EF0981 /* FocusView.swift */; };
		84A704EE2C83058F00EF0981 /* FocusText.swift in Sources */ = {isa = PBXBuildFile; fileRef = 84A704ED2C83058F00EF0981 /* FocusText.swift */; };
		84A704F02C830CDC00EF0981 /* NetworkManager.swift in Sources */ = {isa = PBXBuildFile; fileRef = 84A704EF2C830CDC00EF0981 /* NetworkManager.swift */; };
		84FC90042C81AA39001E5B4A /* rpg_todo_iosApp.swift in Sources */ = {isa = PBXBuildFile; fileRef = 84FC90032C81AA39001E5B4A /* rpg_todo_iosApp.swift */; };
		84FC90062C81AA39001E5B4A /* ContentView.swift in Sources */ = {isa = PBXBuildFile; fileRef = 84FC90052C81AA39001E5B4A /* ContentView.swift */; };
		84FC90082C81AA3A001E5B4A /* Assets.xcassets in Resources */ = {isa = PBXBuildFile; fileRef = 84FC90072C81AA3A001E5B4A /* Assets.xcassets */; };
		84FC900B2C81AA3A001E5B4A /* Preview Assets.xcassets in Resources */ = {isa = PBXBuildFile; fileRef = 84FC900A2C81AA3A001E5B4A /* Preview Assets.xcassets */; };
/* End PBXBuildFile section */

/* Begin PBXFileReference section */
		84A704E92C82F00C00EF0981 /* LoginView.swift */ = {isa = PBXFileReference; lastKnownFileType = sourcecode.swift; path = LoginView.swift; sourceTree = "<group>"; };
		84A704EB2C82FEC100EF0981 /* FocusView.swift */ = {isa = PBXFileReference; lastKnownFileType = sourcecode.swift; path = FocusView.swift; sourceTree = "<group>"; };
		84A704ED2C83058F00EF0981 /* FocusText.swift */ = {isa = PBXFileReference; lastKnownFileType = sourcecode.swift; path = FocusText.swift; sourceTree = "<group>"; };
		84A704EF2C830CDC00EF0981 /* NetworkManager.swift */ = {isa = PBXFileReference; lastKnownFileType = sourcecode.swift; path = NetworkManager.swift; sourceTree = "<group>"; };
		84FC90002C81AA39001E5B4A /* rpg_todo_ios.app */ = {isa = PBXFileReference; explicitFileType = wrapper.application; includeInIndex = 0; path = rpg_todo_ios.app; sourceTree = BUILT_PRODUCTS_DIR; };
		84FC90032C81AA39001E5B4A /* rpg_todo_iosApp.swift */ = {isa = PBXFileReference; lastKnownFileType = sourcecode.swift; path = rpg_todo_iosApp.swift; sourceTree = "<group>"; };
		84FC90052C81AA39001E5B4A /* ContentView.swift */ = {isa = PBXFileReference; lastKnownFileType = sourcecode.swift; path = ContentView.swift; sourceTree = "<group>"; };
		84FC90072C81AA3A001E5B4A /* Assets.xcassets */ = {isa = PBXFileReference; lastKnownFileType = folder.assetcatalog; path = Assets.xcassets; sourceTree = "<group>"; };
		84FC900A2C81AA3A001E5B4A /* Preview Assets.xcassets */ = {isa = PBXFileReference; lastKnownFileType = folder.assetcatalog; path = "Preview Assets.xcassets"; sourceTree = "<group>"; };
/* End PBXFileReference section */

/* Begin PBXFrameworksBuildPhase section */
		84FC8FFD2C81AA39001E5B4A /* Frameworks */ = {
			isa = PBXFrameworksBuildPhase;
			buildActionMask = 2147483647;
			files = (
			);
			runOnlyForDeploymentPostprocessing = 0;
		};
/* End PBXFrameworksBuildPhase section */

/* Begin PBXGroup section */
		84A704E82C82EFF300EF0981 /* Views */ = {
			isa = PBXGroup;
			children = (
				84A704E92C82F00C00EF0981 /* LoginView.swift */,
				84A704EB2C82FEC100EF0981 /* FocusView.swift */,
				84A704ED2C83058F00EF0981 /* FocusText.swift */,
			);
			path = Views;
			sourceTree = "<group>";
		};
		84FC8FF72C81AA39001E5B4A = {
			isa = PBXGroup;
			children = (
				84FC90022C81AA39001E5B4A /* rpg_todo_ios */,
				84FC90012C81AA39001E5B4A /* Products */,
			);
			sourceTree = "<group>";
		};
		84FC90012C81AA39001E5B4A /* Products */ = {
			isa = PBXGroup;
			children = (
				84FC90002C81AA39001E5B4A /* rpg_todo_ios.app */,
			);
			name = Products;
			sourceTree = "<group>";
		};
		84FC90022C81AA39001E5B4A /* rpg_todo_ios */ = {
			isa = PBXGroup;
			children = (
				84A704EF2C830CDC00EF0981 /* NetworkManager.swift */,
				84FC90032C81AA39001E5B4A /* rpg_todo_iosApp.swift */,
				84FC90052C81AA39001E5B4A /* ContentView.swift */,
				84A704E82C82EFF300EF0981 /* Views */,
				84FC90072C81AA3A001E5B4A /* Assets.xcassets */,
				84FC90092C81AA3A001E5B4A /* Preview Content */,
			);
			path = rpg_todo_ios;
			sourceTree = "<group>";
		};
		84FC90092C81AA3A001E5B4A /* Preview Content */ = {
			isa = PBXGroup;
			children = (
				84FC900A2C81AA3A001E5B4A /* Preview Assets.xcassets */,
			);
			path = "Preview Content";
			sourceTree = "<group>";
		};
/* End PBXGroup section */

/* Begin PBXNativeTarget section */
		84FC8FFF2C81AA39001E5B4A /* rpg_todo_ios */ = {
			isa = PBXNativeTarget;
			buildConfigurationList = 84FC900E2C81AA3A001E5B4A /* Build configuration list for PBXNativeTarget "rpg_todo_ios" */;
			buildPhases = (
				84FC8FFC2C81AA39001E5B4A /* Sources */,
				84FC8FFD2C81AA39001E5B4A /* Frameworks */,
				84FC8FFE2C81AA39001E5B4A /* Resources */,
			);
			buildRules = (
			);
			dependencies = (
			);
			name = rpg_todo_ios;
			productName = rpg_todo_ios;
			productReference = 84FC90002C81AA39001E5B4A /* rpg_todo_ios.app */;
			productType = "com.apple.product-type.application";
		};
/* End PBXNativeTarget section */

/* Begin PBXProject section */
		84FC8FF82C81AA39001E5B4A /* Project object */ = {
			isa = PBXProject;
			attributes = {
				BuildIndependentTargetsInParallel = 1;
				LastSwiftUpdateCheck = 1540;
				LastUpgradeCheck = 1540;
				TargetAttributes = {
					84FC8FFF2C81AA39001E5B4A = {
						CreatedOnToolsVersion = 15.4;
					};
				};
			};
			buildConfigurationList = 84FC8FFB2C81AA39001E5B4A /* Build configuration list for PBXProject "rpg_todo_ios" */;
			compatibilityVersion = "Xcode 14.0";
			developmentRegion = en;
			hasScannedForEncodings = 0;
			knownRegions = (
				en,
				Base,
			);
			mainGroup = 84FC8FF72C81AA39001E5B4A;
			productRefGroup = 84FC90012C81AA39001E5B4A /* Products */;
			projectDirPath = "";
			projectRoot = "";
			targets = (
				84FC8FFF2C81AA39001E5B4A /* rpg_todo_ios */,
			);
		};
/* End PBXProject section */

/* Begin PBXResourcesBuildPhase section */
		84FC8FFE2C81AA39001E5B4A /* Resources */ = {
			isa = PBXResourcesBuildPhase;
			buildActionMask = 2147483647;
			files = (
				84FC900B2C81AA3A001E5B4A /* Preview Assets.xcassets in Resources */,
				84FC90082C81AA3A001E5B4A /* Assets.xcassets in Resources */,
			);
			runOnlyForDeploymentPostprocessing = 0;
		};
/* End PBXResourcesBuildPhase section */

/* Begin PBXSourcesBuildPhase section */
		84FC8FFC2C81AA39001E5B4A /* Sources */ = {
			isa = PBXSourcesBuildPhase;
			buildActionMask = 2147483647;
			files = (
				84A704F02C830CDC00EF0981 /* NetworkManager.swift in Sources */,
				84A704EA2C82F00C00EF0981 /* LoginView.swift in Sources */,
				84A704EC2C82FEC100EF0981 /* FocusView.swift in Sources */,
				84FC90062C81AA39001E5B4A /* ContentView.swift in Sources */,
				84FC90042C81AA39001E5B4A /* rpg_todo_iosApp.swift in Sources */,
				84A704EE2C83058F00EF0981 /* FocusText.swift in Sources */,
			);
			runOnlyForDeploymentPostprocessing = 0;
		};
/* End PBXSourcesBuildPhase section */

/* Begin XCBuildConfiguration section */
		84FC900C2C81AA3A001E5B4A /* Debug */ = {
			isa = XCBuildConfiguration;
			buildSettings = {
				ALWAYS_SEARCH_USER_PATHS = NO;
				ASSETCATALOG_COMPILER_GENERATE_SWIFT_ASSET_SYMBOL_EXTENSIONS = YES;
				CLANG_ANALYZER_NONNULL = YES;
				CLANG_ANALYZER_NUMBER_OBJECT_CONVERSION = YES_AGGRESSIVE;
				CLANG_CXX_LANGUAGE_STANDARD = "gnu++20";
				CLANG_ENABLE_MODULES = YES;
				CLANG_ENABLE_OBJC_ARC = YES;
				CLANG_ENABLE_OBJC_WEAK = YES;
				CLANG_WARN_BLOCK_CAPTURE_AUTORELEASING = YES;
				CLANG_WARN_BOOL_CONVERSION = YES;
				CLANG_WARN_COMMA = YES;
				CLANG_WARN_CONSTANT_CONVERSION = YES;
				CLANG_WARN_DEPRECATED_OBJC_IMPLEMENTATIONS = YES;
				CLANG_WARN_DIRECT_OBJC_ISA_USAGE = YES_ERROR;
				CLANG_WARN_DOCUMENTATION_COMMENTS = YES;
				CLANG_WARN_EMPTY_BODY = YES;
				CLANG_WARN_ENUM_CONVERSION = YES;
				CLANG_WARN_INFINITE_RECURSION = YES;
				CLANG_WARN_INT_CONVERSION = YES;
				CLANG_WARN_NON_LITERAL_NULL_CONVERSION = YES;
				CLANG_WARN_OBJC_IMPLICIT_RETAIN_SELF = YES;
				CLANG_WARN_OBJC_LITERAL_CONVERSION = YES;
				CLANG_WARN_OBJC_ROOT_CLASS = YES_ERROR;
				CLANG_WARN_QUOTED_INCLUDE_IN_FRAMEWORK_HEADER = YES;
				CLANG_WARN_RANGE_LOOP_ANALYSIS = YES;
				CLANG_WARN_STRICT_PROTOTYPES = YES;
				CLANG_WARN_SUSPICIOUS_MOVE = YES;
				CLANG_WARN_UNGUARDED_AVAILABILITY = YES_AGGRESSIVE;
				CLANG_WARN_UNREACHABLE_CODE = YES;
				CLANG_WARN__DUPLICATE_METHOD_MATCH = YES;
				COPY_PHASE_STRIP = NO;
				DEBUG_INFORMATION_FORMAT = dwarf;
				ENABLE_STRICT_OBJC_MSGSEND = YES;
				ENABLE_TESTABILITY = YES;
				ENABLE_USER_SCRIPT_SANDBOXING = YES;
				GCC_C_LANGUAGE_STANDARD = gnu17;
				GCC_DYNAMIC_NO_PIC = NO;
				GCC_NO_COMMON_BLOCKS = YES;
				GCC_OPTIMIZATION_LEVEL = 0;
				GCC_PREPROCESSOR_DEFINITIONS = (
					"DEBUG=1",
					"$(inherited)",
				);
				GCC_WARN_64_TO_32_BIT_CONVERSION = YES;
				GCC_WARN_ABOUT_RETURN_TYPE = YES_ERROR;
				GCC_WARN_UNDECLARED_SELECTOR = YES;
				GCC_WARN_UNINITIALIZED_AUTOS = YES_AGGRESSIVE;
				GCC_WARN_UNUSED_FUNCTION = YES;
				GCC_WARN_UNUSED_VARIABLE = YES;
				IPHONEOS_DEPLOYMENT_TARGET = 17.5;
				LOCALIZATION_PREFERS_STRING_CATALOGS = YES;
				MTL_ENABLE_DEBUG_INFO = INCLUDE_SOURCE;
				MTL_FAST_MATH = YES;
				ONLY_ACTIVE_ARCH = YES;
				SDKROOT = iphoneos;
				SWIFT_ACTIVE_COMPILATION_CONDITIONS = "DEBUG $(inherited)";
				SWIFT_OPTIMIZATION_LEVEL = "-Onone";
			};
			name = Debug;
		};
		84FC900D2C81AA3A001E5B4A /* Release */ = {
			isa = XCBuildConfiguration;
			buildSettings = {
				ALWAYS_SEARCH_USER_PATHS = NO;
				ASSETCATALOG_COMPILER_GENERATE_SWIFT_ASSET_SYMBOL_EXTENSIONS = YES;
				CLANG_ANALYZER_NONNULL = YES;
				CLANG_ANALYZER_NUMBER_OBJECT_CONVERSION = YES_AGGRESSIVE;
				CLANG_CXX_LANGUAGE_STANDARD = "gnu++20";
				CLANG_ENABLE_MODULES = YES;
				CLANG_ENABLE_OBJC_ARC = YES;
				CLANG_ENABLE_OBJC_WEAK = YES;
				CLANG_WARN_BLOCK_CAPTURE_AUTORELEASING = YES;
				CLANG_WARN_BOOL_CONVERSION = YES;
				CLANG_WARN_COMMA = YES;
				CLANG_WARN_CONSTANT_CONVERSION = YES;
				CLANG_WARN_DEPRECATED_OBJC_IMPLEMENTATIONS = YES;
				CLANG_WARN_DIRECT_OBJC_ISA_USAGE = YES_ERROR;
				CLANG_WARN_DOCUMENTATION_COMMENTS = YES;
				CLANG_WARN_EMPTY_BODY = YES;
				CLANG_WARN_ENUM_CONVERSION = YES;
				CLANG_WARN_INFINITE_RECURSION = YES;
				CLANG_WARN_INT_CONVERSION = YES;
				CLANG_WARN_NON_LITERAL_NULL_CONVERSION = YES;
				CLANG_WARN_OBJC_IMPLICIT_RETAIN_SELF = YES;
				CLANG_WARN_OBJC_LITERAL_CONVERSION = YES;
				CLANG_WARN_OBJC_ROOT_CLASS = YES_ERROR;
				CLANG_WARN_QUOTED_INCLUDE_IN_FRAMEWORK_HEADER = YES;
				CLANG_WARN_RANGE_LOOP_ANALYSIS = YES;
				CLANG_WARN_STRICT_PROTOTYPES = YES;
				CLANG_WARN_SUSPICIOUS_MOVE = YES;
				CLANG_WARN_UNGUARDED_AVAILABILITY = YES_AGGRESSIVE;
				CLANG_WARN_UNREACHABLE_CODE = YES;
				CLANG_WARN__DUPLICATE_METHOD_MATCH = YES;
				COPY_PHASE_STRIP = NO;
				DEBUG_INFORMATION_FORMAT = "dwarf-with-dsym";
				ENABLE_NS_ASSERTIONS = NO;
				ENABLE_STRICT_OBJC_MSGSEND = YES;
				ENABLE_USER_SCRIPT_SANDBOXING = YES;
				GCC_C_LANGUAGE_STANDARD = gnu17;
				GCC_NO_COMMON_BLOCKS = YES;
				GCC_WARN_64_TO_32_BIT_CONVERSION = YES;
				GCC_WARN_ABOUT_RETURN_TYPE = YES_ERROR;
				GCC_WARN_UNDECLARED_SELECTOR = YES;
				GCC_WARN_UNINITIALIZED_AUTOS = YES_AGGRESSIVE;
				GCC_WARN_UNUSED_FUNCTION = YES;
				GCC_WARN_UNUSED_VARIABLE = YES;
				IPHONEOS_DEPLOYMENT_TARGET = 17.5;
				LOCALIZATION_PREFERS_STRING_CATALOGS = YES;
				MTL_ENABLE_DEBUG_INFO = NO;
				MTL_FAST_MATH = YES;
				SDKROOT = iphoneos;
				SWIFT_COMPILATION_MODE = wholemodule;
				VALIDATE_PRODUCT = YES;
			};
			name = Release;
		};
		84FC900F2C81AA3A001E5B4A /* Debug */ = {
			isa = XCBuildConfiguration;
			buildSettings = {
				ASSETCATALOG_COMPILER_APPICON_NAME = AppIcon;
				ASSETCATALOG_COMPILER_GLOBAL_ACCENT_COLOR_NAME = AccentColor;
				CODE_SIGN_STYLE = Automatic;
				CURRENT_PROJECT_VERSION = 1;
				DEVELOPMENT_ASSET_PATHS = "\"rpg_todo_ios/Preview Content\"";
				ENABLE_PREVIEWS = YES;
				GENERATE_INFOPLIST_FILE = YES;
				INFOPLIST_KEY_UIApplicationSceneManifest_Generation = YES;
				INFOPLIST_KEY_UIApplicationSupportsIndirectInputEvents = YES;
				INFOPLIST_KEY_UILaunchScreen_Generation = YES;
				INFOPLIST_KEY_UISupportedInterfaceOrientations_iPad = "UIInterfaceOrientationPortrait UIInterfaceOrientationPortraitUpsideDown UIInterfaceOrientationLandscapeLeft UIInterfaceOrientationLandscapeRight";
				INFOPLIST_KEY_UISupportedInterfaceOrientations_iPhone = "UIInterfaceOrientationPortrait UIInterfaceOrientationLandscapeLeft UIInterfaceOrientationLandscapeRight";
				LD_RUNPATH_SEARCH_PATHS = (
					"$(inherited)",
					"@executable_path/Frameworks",
				);
				MARKETING_VERSION = 1.0;
				PRODUCT_BUNDLE_IDENTIFIER = "NiceTry.rpg-todo-ios";
				PRODUCT_NAME = "$(TARGET_NAME)";
				SWIFT_EMIT_LOC_STRINGS = YES;
				SWIFT_VERSION = 5.0;
				TARGETED_DEVICE_FAMILY = "1,2";
			};
			name = Debug;
		};
		84FC90102C81AA3A001E5B4A /* Release */ = {
			isa = XCBuildConfiguration;
			buildSettings = {
				ASSETCATALOG_COMPILER_APPICON_NAME = AppIcon;
				ASSETCATALOG_COMPILER_GLOBAL_ACCENT_COLOR_NAME = AccentColor;
				CODE_SIGN_STYLE = Automatic;
				CURRENT_PROJECT_VERSION = 1;
				DEVELOPMENT_ASSET_PATHS = "\"rpg_todo_ios/Preview Content\"";
				ENABLE_PREVIEWS = YES;
				GENERATE_INFOPLIST_FILE = YES;
				INFOPLIST_KEY_UIApplicationSceneManifest_Generation = YES;
				INFOPLIST_KEY_UIApplicationSupportsIndirectInputEvents = YES;
				INFOPLIST_KEY_UILaunchScreen_Generation = YES;
				INFOPLIST_KEY_UISupportedInterfaceOrientations_iPad = "UIInterfaceOrientationPortrait UIInterfaceOrientationPortraitUpsideDown UIInterfaceOrientationLandscapeLeft UIInterfaceOrientationLandscapeRight";
				INFOPLIST_KEY_UISupportedInterfaceOrientations_iPhone = "UIInterfaceOrientationPortrait UIInterfaceOrientationLandscapeLeft UIInterfaceOrientationLandscapeRight";
				LD_RUNPATH_SEARCH_PATHS = (
					"$(inherited)",
					"@executable_path/Frameworks",
				);
				MARKETING_VERSION = 1.0;
				PRODUCT_BUNDLE_IDENTIFIER = "NiceTry.rpg-todo-ios";
				PRODUCT_NAME = "$(TARGET_NAME)";
				SWIFT_EMIT_LOC_STRINGS = YES;
				SWIFT_VERSION = 5.0;
				TARGETED_DEVICE_FAMILY = "1,2";
			};
			name = Release;
		};
/* End XCBuildConfiguration section */

/* Begin XCConfigurationList section */
		84FC8FFB2C81AA39001E5B4A /* Build configuration list for PBXProject "rpg_todo_ios" */ = {
			isa = XCConfigurationList;
			buildConfigurations = (
				84FC900C2C81AA3A001E5B4A /* Debug */,
				84FC900D2C81AA3A001E5B4A /* Release */,
			);
			defaultConfigurationIsVisible = 0;
			defaultConfigurationName = Release;
		};
		84FC900E2C81AA3A001E5B4A /* Build configuration list for PBXNativeTarget "rpg_todo_ios" */ = {
			isa = XCConfigurationList;
			buildConfigurations = (
				84FC900F2C81AA3A001E5B4A /* Debug */,
				84FC90102C81AA3A001E5B4A /* Release */,
			);
			defaultConfigurationIsVisible = 0;
			defaultConfigurationName = Release;
		};
/* End XCConfigurationList section */
	};
	rootObject = 84FC8FF82C81AA39001E5B4A /* Project object */;
}
